# @generated - this file is auto-generated by `mise lock` https://mise.jdx.dev/dev-tools/mise-lock.html

[[tools.hk]]
version = "1.57.0"
backend = "aqua:jdx/hk"

[tools.hk."platforms.linux-arm64"]
checksum = "sha256:af6768ba1e3041a988b6518bf8b6e8900dc6a2001208b3f548545fe7de4e6f22"
url = "https://github.com/jdx/hk/releases/download/v1.57.0/hk-aarch64-unknown-linux-gnu.tar.gz"
url_api = "https://api.github.com/repos/jdx/hk/releases/assets/536864258"

[tools.hk."platforms.linux-arm64-musl"]
checksum = "sha256:969feeff543c2bd30281fdce43139fd0913cbf44385387b94b9411a72775c960"
url = "https://github.com/jdx/hk/releases/download/v1.57.0/hk-aarch64-unknown-linux-musl.tar.gz"
url_api = "https://api.github.com/repos/jdx/hk/releases/assets/536864262"

[tools.hk."platforms.linux-x64"]
checksum = "sha256:71449da0187a957233e1cf08565ed3c85fe67cd8d5942a15bc231579e1c7e380"
url = "https://github.com/jdx/hk/releases/download/v1.57.0/hk-x86_64-unknown-linux-gnu.tar.gz"
url_api = "https://api.github.com/repos/jdx/hk/releases/assets/536864279"

[tools.hk."platforms.linux-x64-musl"]
checksum = "sha256:e67b730e82e04e3e9b513f9063573a3fc29377ef3b61aa04cce7c9b9f4782b1e"
url = "https://github.com/jdx/hk/releases/download/v1.57.0/hk-x86_64-unknown-linux-musl.tar.gz"
url_api = "https://api.github.com/repos/jdx/hk/releases/assets/536864280"

[tools.hk."platforms.macos-arm64"]
checksum = "sha256:7b10c00e1f1b51d3e43cd5e738cc5fd93bf3ec0b777505744ac37c8b1e171188"
url = "https://github.com/jdx/hk/releases/download/v1.57.0/hk-aarch64-apple-darwin.tar.gz"
url_api = "https://api.github.com/repos/jdx/hk/releases/assets/536864261"

[tools.hk."platforms.windows-x64"]
checksum = "sha256:b5c4de9ec9e83790642564370c572b559f2b4ea38147ee8ea1f5b415967dab3f"
url = "https://github.com/jdx/hk/releases/download/v1.57.0/hk-x86_64-pc-windows-msvc.zip"
url_api = "https://api.github.com/repos/jdx/hk/releases/assets/536864259"

[[tools.swiftformat]]
version = "0.63.0"
backend = "github:nicklockwood/SwiftFormat"

[tools.swiftformat.options]
no_app = "true"

[tools.swiftformat."platforms.linux-arm64"]
checksum = "sha256:b0335af32e2c5944a17b3e6d916ff4552eb757ed88f68b80fd19415824850717"
url = "https://github.com/nicklockwood/SwiftFormat/releases/download/0.63.0/swiftformat_linux_aarch64.zip"
url_api = "https://api.github.com/repos/nicklockwood/SwiftFormat/releases/assets/536986531"

[tools.swiftformat."platforms.linux-arm64-musl"]
checksum = "sha256:b0335af32e2c5944a17b3e6d916ff4552eb757ed88f68b80fd19415824850717"
url = "https://github.com/nicklockwood/SwiftFormat/releases/download/0.63.0/swiftformat_linux_aarch64.zip"
url_api = "https://api.github.com/repos/nicklockwood/SwiftFormat/releases/assets/536986531"

[tools.swiftformat."platforms.linux-x64"]
checksum = "sha256:b4a3cbb8c852a0baaf9adf853e221ff1dabf921a3d8957a602e0bda3af8470f1"
url = "https://github.com/nicklockwood/SwiftFormat/releases/download/0.63.0/swiftformat_linux.zip"
url_api = "https://api.github.com/repos/nicklockwood/SwiftFormat/releases/assets/536986504"

[tools.swiftformat."platforms.linux-x64-musl"]
checksum = "sha256:b4a3cbb8c852a0baaf9adf853e221ff1dabf921a3d8957a602e0bda3af8470f1"
url = "https://github.com/nicklockwood/SwiftFormat/releases/download/0.63.0/swiftformat_linux.zip"
url_api = "https://api.github.com/repos/nicklockwood/SwiftFormat/releases/assets/536986504"

[tools.swiftformat."platforms.macos-arm64"]
checksum = "sha256:28c7802e11fa5ae113d903066439c6bb1be20a8ac1ad9709c42616a7e273fb0f"
url = "https://github.com/nicklockwood/SwiftFormat/releases/download/0.63.0/swiftformat.zip"
url_api = "https://api.github.com/repos/nicklockwood/SwiftFormat/releases/assets/536986489"

[tools.swiftformat."platforms.macos-x64"]
checksum = "sha256:28c7802e11fa5ae113d903066439c6bb1be20a8ac1ad9709c42616a7e273fb0f"
url = "https://github.com/nicklockwood/SwiftFormat/releases/download/0.63.0/swiftformat.zip"
url_api = "https://api.github.com/repos/nicklockwood/SwiftFormat/releases/assets/536986489"

[tools.swiftformat."platforms.windows-x64"]
checksum = "sha256:28c7802e11fa5ae113d903066439c6bb1be20a8ac1ad9709c42616a7e273fb0f"
url = "https://github.com/nicklockwood/SwiftFormat/releases/download/0.63.0/swiftformat.zip"
url_api = "https://api.github.com/repos/nicklockwood/SwiftFormat/releases/assets/536986489"
