# @generated - this file is auto-generated by `mise lock` https://mise.jdx.dev/dev-tools/mise-lock.html

[[tools.swiftformat]]
version = "0.63.0"
backend = "github:nicklockwood/SwiftFormat"

[tools.swiftformat.options]
no_app = "true"

[tools.swiftformat."platforms.linux-arm64"]
checksum = "sha256:b0335af32e2c5944a17b3e6d916ff4552eb757ed88f68b80fd19415824850717"
url = "https://github.com/nicklockwood/SwiftFormat/releases/download/0.63.0/swiftformat_linux_aarch64.zip"
url_api = "https://api.github.com/repos/nicklockwood/SwiftFormat/releases/assets/536986531"

[tools.swiftformat."platforms.linux-arm64-musl"]
checksum = "sha256:b0335af32e2c5944a17b3e6d916ff4552eb757ed88f68b80fd19415824850717"
url = "https://github.com/nicklockwood/SwiftFormat/releases/download/0.63.0/swiftformat_linux_aarch64.zip"
url_api = "https://api.github.com/repos/nicklockwood/SwiftFormat/releases/assets/536986531"

[tools.swiftformat."platforms.linux-x64"]
checksum = "sha256:b4a3cbb8c852a0baaf9adf853e221ff1dabf921a3d8957a602e0bda3af8470f1"
url = "https://github.com/nicklockwood/SwiftFormat/releases/download/0.63.0/swiftformat_linux.zip"
url_api = "https://api.github.com/repos/nicklockwood/SwiftFormat/releases/assets/536986504"

[tools.swiftformat."platforms.linux-x64-musl"]
checksum = "sha256:b4a3cbb8c852a0baaf9adf853e221ff1dabf921a3d8957a602e0bda3af8470f1"
url = "https://github.com/nicklockwood/SwiftFormat/releases/download/0.63.0/swiftformat_linux.zip"
url_api = "https://api.github.com/repos/nicklockwood/SwiftFormat/releases/assets/536986504"

[tools.swiftformat."platforms.macos-arm64"]
checksum = "sha256:28c7802e11fa5ae113d903066439c6bb1be20a8ac1ad9709c42616a7e273fb0f"
url = "https://github.com/nicklockwood/SwiftFormat/releases/download/0.63.0/swiftformat.zip"
url_api = "https://api.github.com/repos/nicklockwood/SwiftFormat/releases/assets/536986489"

[tools.swiftformat."platforms.macos-x64"]
checksum = "sha256:28c7802e11fa5ae113d903066439c6bb1be20a8ac1ad9709c42616a7e273fb0f"
url = "https://github.com/nicklockwood/SwiftFormat/releases/download/0.63.0/swiftformat.zip"
url_api = "https://api.github.com/repos/nicklockwood/SwiftFormat/releases/assets/536986489"

[tools.swiftformat."platforms.windows-x64"]
checksum = "sha256:28c7802e11fa5ae113d903066439c6bb1be20a8ac1ad9709c42616a7e273fb0f"
url = "https://github.com/nicklockwood/SwiftFormat/releases/download/0.63.0/swiftformat.zip"
url_api = "https://api.github.com/repos/nicklockwood/SwiftFormat/releases/assets/536986489"
