<?xml version="1.0" encoding="UTF-8"?>
<Scheme
   LastUpgradeVersion = "1500"
   version = "1.7">
   <BuildAction
      parallelizeBuildables = "YES"
      buildImplicitDependencies = "YES">
      <BuildActionEntries>
         <BuildActionEntry
            buildForTesting = "YES"
            buildForRunning = "YES"
            buildForProfiling = "YES"
            buildForArchiving = "YES"
            buildForAnalyzing = "YES">
            <BuildableReference
               BuildableIdentifier = "primary"
               BlueprintIdentifier = "D58D833E2A66C5EC00A203BE"
               BuildableName = "UITestsHostApp.app"
               BlueprintName = "UITestsHostApp"
               ReferencedContainer = "container:Tests.xcodeproj">
            </BuildableReference>
         </BuildActionEntry>
      </BuildActionEntries>
   </BuildAction>
   <TestAction
      buildConfiguration = "Debug"
      selectedDebuggerIdentifier = "Xcode.DebuggerFoundation.Debugger.LLDB"
      selectedLauncherIdentifier = "Xcode.DebuggerFoundation.Launcher.LLDB"
      shouldUseLaunchSchemeArgsEnv = "YES">
      <PreActions>
         <ExecutionAction
            ActionType = "Xcode.IDEStandardExecutionActionsCore.ExecutionActionType.ShellScriptAction">
            <ActionContent
               title = "Run Script"
               scriptText = "#!/bin/bash&#10;&#10;if [[ ! -v $REQUIRE_SIM_STATUS_BAR_SCRIPT ]]; then&#10;    exit 0&#10;fi&#10;&#10;set -e&#10;&#10;unset MACOSX_DEPLOYMENT_TARGET&#10;unset TVOS_DEPLOYMENT_TARGET&#10;unset WATCHOS_DEPLOYMENT_TARGET&#10;unset DRIVERKIT_DEPLOYMENT_TARGET&#10;unset XROS_DEPLOYMENT_TARGET&#10;&#10;cd ${PROJECT_DIR}/SimulatorStatusMagic&#10;./build_and_inject.sh booted &gt; build/build_and_inject.log 2&gt;&amp;1&#10;cd -&#10;">
               <EnvironmentBuildable>
                  <BuildableReference
                     BuildableIdentifier = "primary"
                     BlueprintIdentifier = "D58D833E2A66C5EC00A203BE"
                     BuildableName = "UITestsHostApp.app"
                     BlueprintName = "UITestsHostApp"
                     ReferencedContainer = "container:Tests.xcodeproj">
                  </BuildableReference>
               </EnvironmentBuildable>
            </ActionContent>
         </ExecutionAction>
      </PreActions>
      <TestPlans>
         <TestPlanReference
            reference = "container:UITests/UITests.xctestplan"
            default = "YES">
         </TestPlanReference>
      </TestPlans>
   </TestAction>
   <LaunchAction
      buildConfiguration = "Debug"
      selectedDebuggerIdentifier = "Xcode.DebuggerFoundation.Debugger.LLDB"
      selectedLauncherIdentifier = "Xcode.DebuggerFoundation.Launcher.LLDB"
      launchStyle = "0"
      useCustomWorkingDirectory = "NO"
      ignoresPersistentStateOnLaunch = "NO"
      debugDocumentVersioning = "YES"
      debugServiceExtension = "internal"
      allowLocationSimulation = "YES">
      <BuildableProductRunnable
         runnableDebuggingMode = "0">
         <BuildableReference
            BuildableIdentifier = "primary"
            BlueprintIdentifier = "D58D833E2A66C5EC00A203BE"
            BuildableName = "UITestsHostApp.app"
            BlueprintName = "UITestsHostApp"
            ReferencedContainer = "container:Tests.xcodeproj">
         </BuildableReference>
      </BuildableProductRunnable>
   </LaunchAction>
   <ProfileAction
      buildConfiguration = "Release"
      shouldUseLaunchSchemeArgsEnv = "YES"
      savedToolIdentifier = ""
      useCustomWorkingDirectory = "NO"
      debugDocumentVersioning = "YES">
      <BuildableProductRunnable
         runnableDebuggingMode = "0">
         <BuildableReference
            BuildableIdentifier = "primary"
            BlueprintIdentifier = "D58D833E2A66C5EC00A203BE"
            BuildableName = "UITestsHostApp.app"
            BlueprintName = "UITestsHostApp"
            ReferencedContainer = "container:Tests.xcodeproj">
         </BuildableReference>
      </BuildableProductRunnable>
   </ProfileAction>
   <AnalyzeAction
      buildConfiguration = "Debug">
   </AnalyzeAction>
   <ArchiveAction
      buildConfiguration = "Release"
      revealArchiveInOrganizer = "YES">
   </ArchiveAction>
</Scheme>
