{
  "pins" : [
    {
      "identity" : "simulatorstatusmagic",
      "kind" : "remoteSourceControl",
      "location" : "https://github.com/shinydevelopment/SimulatorStatusMagic",
      "state" : {
        "revision" : "76095ec820674457a11dc3cc621d8a5c369eea0e",
        "version" : "2.7.0"
      }
    },
    {
      "identity" : "swift-snapshot-testing",
      "kind" : "remoteSourceControl",
      "location" : "https://github.com/pointfreeco/swift-snapshot-testing.git",
      "state" : {
        "revision" : "dc46eeb3928a75390651fac6c1ef7f93ad59a73b",
        "version" : "1.11.1"
      }
    }
  ],
  "version" : 2
}
